
Microsoft Visual Studio Solution File, Format Version 12.00
# Visual Studio Version 16
VisualStudioVersion = 16.0.31005.135
MinimumVisualStudioVersion = 10.0.40219.1
Project("{FAE04EC0-301F-11D3-BF4B-00C04F79EFBC}") = "Password checker", "Password checker.csproj", "{1CA5D867-90E2-48A9-B4DA-D5D151FFE0BA}"
EndProject
Global
	GlobalSection(SolutionConfigurationPlatforms) = preSolution
		Debug|Any CPU = Debug|Any CPU
		Release|Any CPU = Release|Any CPU
	EndGlobalSection
	GlobalSection(ProjectConfigurationPlatforms) = postSolution
		{1CA5D867-90E2-48A9-B4DA-D5D151FFE0BA}.Debug|Any CPU.ActiveCfg = Debug|Any CPU
		{1CA5D867-90E2-48A9-B4DA-D5D151FFE0BA}.Debug|Any CPU.Build.0 = Debug|Any CPU
		{1CA5D867-90E2-48A9-B4DA-D5D151FFE0BA}.Release|Any CPU.ActiveCfg = Release|Any CPU
		{1CA5D867-90E2-48A9-B4DA-D5D151FFE0BA}.Release|Any CPU.Build.0 = Release|Any CPU
	EndGlobalSection
	GlobalSection(SolutionProperties) = preSolution
		HideSolutionNode = FALSE
	EndGlobalSection
	GlobalSection(ExtensibilityGlobals) = postSolution
		SolutionGuid = {48F8FC41-3035-40D7-9E90-16295EA9CF11}
	EndGlobalSection
EndGlobal
